// !$*UTF8*$!
{
	archiveVersion = 1;
	classes = {
	};
	objectVersion = 56;
	objects = {

/* Begin PBXBuildFile section */
		3E1D3579852573E27798B930 /* Pods_GA4Test.framework in Frameworks */ = {isa = PBXBuildFile; fileRef = A1995D1817EF8D0E62301F4B /* Pods_GA4Test.framework */; };
		935645D12C69A3DE0025EA5E /* AppInterface.swift in Sources */ = {isa = PBXBuildFile; fileRef = 935645D02C69A3DE0025EA5E /* AppInterface.swift */; };
		9362BC212C35275000928CF9 /* AppInterface2.swift in Sources */ = {isa = PBXBuildFile; fileRef = 9362BC202C35275000928CF9 /* AppInterface2.swift */; };
		936E8C582C37C86100F370A2 /* GA4.swift in Sources */ = {isa = PBXBuildFile; fileRef = 936E8C572C37C86100F370A2 /* GA4.swift */; };
		93F18AD62C2726730022035F /* AppDelegate.swift in Sources */ = {isa = PBXBuildFile; fileRef = 93F18AD52C2726730022035F /* AppDelegate.swift */; };
		93F18AD82C2726730022035F /* SceneDelegate.swift in Sources */ = {isa = PBXBuildFile; fileRef = 93F18AD72C2726730022035F /* SceneDelegate.swift */; };
		93F18ADA2C2726730022035F /* ViewController.swift in Sources */ = {isa = PBXBuildFile; fileRef = 93F18AD92C2726730022035F /* ViewController.swift */; };
		93F18ADD2C2726730022035F /* Base in Resources */ = {isa = PBXBuildFile; fileRef = 93F18ADC2C2726730022035F /* Base */; };
		93F18ADF2C2726750022035F /* Assets.xcassets in Resources */ = {isa = PBXBuildFile; fileRef = 93F18ADE2C2726750022035F /* Assets.xcassets */; };
		93F18AE22C2726750022035F /* Base in Resources */ = {isa = PBXBuildFile; fileRef = 93F18AE12C2726750022035F /* Base */; };
		93F18AEC2C272C3E0022035F /* GoogleService-Info.plist in Resources */ = {isa = PBXBuildFile; fileRef = 93F18AEB2C272C3E0022035F /* GoogleService-Info.plist */; };
/* End PBXBuildFile section */

/* Begin PBXFileReference section */
		136EEE0B57843CEF8AC1C2EC /* Pods-GA4Test.release.xcconfig */ = {isa = PBXFileReference; includeInIndex = 1; lastKnownFileType = text.xcconfig; name = "Pods-GA4Test.release.xcconfig"; path = "Target Support Files/Pods-GA4Test/Pods-GA4Test.release.xcconfig"; sourceTree = "<group>"; };
		716685E7EFC51246B72EC0D0 /* Pods-GA4Test.debug.xcconfig */ = {isa = PBXFileReference; includeInIndex = 1; lastKnownFileType = text.xcconfig; name = "Pods-GA4Test.debug.xcconfig"; path = "Target Support Files/Pods-GA4Test/Pods-GA4Test.debug.xcconfig"; sourceTree = "<group>"; };
		935645D02C69A3DE0025EA5E /* AppInterface.swift */ = {isa = PBXFileReference; lastKnownFileType = sourcecode.swift; path = AppInterface.swift; sourceTree = "<group>"; };
		9362BC202C35275000928CF9 /* AppInterface2.swift */ = {isa = PBXFileReference; lastKnownFileType = sourcecode.swift; path = AppInterface2.swift; sourceTree = "<group>"; };
		936E8C572C37C86100F370A2 /* GA4.swift */ = {isa = PBXFileReference; lastKnownFileType = sourcecode.swift; path = GA4.swift; sourceTree = "<group>"; };
		93F18AD22C2726730022035F /* GA4Test.app */ = {isa = PBXFileReference; explicitFileType = wrapper.application; includeInIndex = 0; path = GA4Test.app; sourceTree = BUILT_PRODUCTS_DIR; };
		93F18AD52C2726730022035F /* AppDelegate.swift */ = {isa = PBXFileReference; lastKnownFileType = sourcecode.swift; path = AppDelegate.swift; sourceTree = "<group>"; };
		93F18AD72C2726730022035F /* SceneDelegate.swift */ = {isa = PBXFileReference; lastKnownFileType = sourcecode.swift; path = SceneDelegate.swift; sourceTree = "<group>"; };
		93F18AD92C2726730022035F /* ViewController.swift */ = {isa = PBXFileReference; lastKnownFileType = sourcecode.swift; path = ViewController.swift; sourceTree = "<group>"; };
		93F18ADC2C2726730022035F /* Base */ = {isa = PBXFileReference; lastKnownFileType = file.storyboard; name = Base; path = Base.lproj/Main.storyboard; sourceTree = "<group>"; };
		93F18ADE2C2726750022035F /* Assets.xcassets */ = {isa = PBXFileReference; lastKnownFileType = folder.assetcatalog; path = Assets.xcassets; sourceTree = "<group>"; };
		93F18AE12C2726750022035F /* Base */ = {isa = PBXFileReference; lastKnownFileType = file.storyboard; name = Base; path = Base.lproj/LaunchScreen.storyboard; sourceTree = "<group>"; };
		93F18AE32C2726750022035F /* Info.plist */ = {isa = PBXFileReference; lastKnownFileType = text.plist.xml; path = Info.plist; sourceTree = "<group>"; };
		93F18AEB2C272C3E0022035F /* GoogleService-Info.plist */ = {isa = PBXFileReference; fileEncoding = 4; lastKnownFileType = text.plist.xml; path = "GoogleService-Info.plist"; sourceTree = "<group>"; };
		A1995D1817EF8D0E62301F4B /* Pods_GA4Test.framework */ = {isa = PBXFileReference; explicitFileType = wrapper.framework; includeInIndex = 0; path = Pods_GA4Test.framework; sourceTree = BUILT_PRODUCTS_DIR; };
/* End PBXFileReference section */

/* Begin PBXFrameworksBuildPhase section */
		93F18ACF2C2726730022035F /* Frameworks */ = {
			isa = PBXFrameworksBuildPhase;
			buildActionMask = 2147483647;
			files = (
				3E1D3579852573E27798B930 /* Pods_GA4Test.framework in Frameworks */,
			);
			runOnlyForDeploymentPostprocessing = 0;
		};
/* End PBXFrameworksBuildPhase section */

/* Begin PBXGroup section */
		69F456A012E8B00E8EE24799 /* Frameworks */ = {
			isa = PBXGroup;
			children = (
				A1995D1817EF8D0E62301F4B /* Pods_GA4Test.framework */,
			);
			name = Frameworks;
			sourceTree = "<group>";
		};
		9362BC1F2C35273800928CF9 /* Interface */ = {
			isa = PBXGroup;
			children = (
				9362BC202C35275000928CF9 /* AppInterface2.swift */,
				936E8C572C37C86100F370A2 /* GA4.swift */,
				935645D02C69A3DE0025EA5E /* AppInterface.swift */,
			);
			path = Interface;
			sourceTree = "<group>";
		};
		93F18AC92C2726730022035F = {
			isa = PBXGroup;
			children = (
				93F18AD42C2726730022035F /* GA4Test */,
				93F18AD32C2726730022035F /* Products */,
				A95E0418B4E782AE4EAFA5CB /* Pods */,
				69F456A012E8B00E8EE24799 /* Frameworks */,
			);
			sourceTree = "<group>";
		};
		93F18AD32C2726730022035F /* Products */ = {
			isa = PBXGroup;
			children = (
				93F18AD22C2726730022035F /* GA4Test.app */,
			);
			name = Products;
			sourceTree = "<group>";
		};
		93F18AD42C2726730022035F /* GA4Test */ = {
			isa = PBXGroup;
			children = (
				9362BC1F2C35273800928CF9 /* Interface */,
				93F18AD52C2726730022035F /* AppDelegate.swift */,
				93F18AD72C2726730022035F /* SceneDelegate.swift */,
				93F18AD92C2726730022035F /* ViewController.swift */,
				93F18AEB2C272C3E0022035F /* GoogleService-Info.plist */,
				93F18ADB2C2726730022035F /* Main.storyboard */,
				93F18ADE2C2726750022035F /* Assets.xcassets */,
				93F18AE02C2726750022035F /* LaunchScreen.storyboard */,
				93F18AE32C2726750022035F /* Info.plist */,
			);
			path = GA4Test;
			sourceTree = "<group>";
		};
		A95E0418B4E782AE4EAFA5CB /* Pods */ = {
			isa = PBXGroup;
			children = (
				716685E7EFC51246B72EC0D0 /* Pods-GA4Test.debug.xcconfig */,
				136EEE0B57843CEF8AC1C2EC /* Pods-GA4Test.release.xcconfig */,
			);
			path = Pods;
			sourceTree = "<group>";
		};
/* End PBXGroup section */

/* Begin PBXNativeTarget section */
		93F18AD12C2726730022035F /* GA4Test */ = {
			isa = PBXNativeTarget;
			buildConfigurationList = 93F18AE62C2726750022035F /* Build configuration list for PBXNativeTarget "GA4Test" */;
			buildPhases = (
				85B490F26104BD028C757F7A /* [CP] Check Pods Manifest.lock */,
				93F18ACE2C2726730022035F /* Sources */,
				93F18ACF2C2726730022035F /* Frameworks */,
				93F18AD02C2726730022035F /* Resources */,
				1C4D7D966A39A1BA3627FC68 /* [CP] Embed Pods Frameworks */,
			);
			buildRules = (
			);
			dependencies = (
			);
			name = GA4Test;
			productName = GA4Test;
			productReference = 93F18AD22C2726730022035F /* GA4Test.app */;
			productType = "com.apple.product-type.application";
		};
/* End PBXNativeTarget section */

/* Begin PBXProject section */
		93F18ACA2C2726730022035F /* Project object */ = {
			isa = PBXProject;
			attributes = {
				BuildIndependentTargetsInParallel = 1;
				LastSwiftUpdateCheck = 1530;
				LastUpgradeCheck = 1530;
				TargetAttributes = {
					93F18AD12C2726730022035F = {
						CreatedOnToolsVersion = 15.3;
					};
				};
			};
			buildConfigurationList = 93F18ACD2C2726730022035F /* Build configuration list for PBXProject "GA4Test" */;
			compatibilityVersion = "Xcode 14.0";
			developmentRegion = en;
			hasScannedForEncodings = 0;
			knownRegions = (
				en,
				Base,
			);
			mainGroup = 93F18AC92C2726730022035F;
			productRefGroup = 93F18AD32C2726730022035F /* Products */;
			projectDirPath = "";
			projectRoot = "";
			targets = (
				93F18AD12C2726730022035F /* GA4Test */,
			);
		};
/* End PBXProject section */

/* Begin PBXResourcesBuildPhase section */
		93F18AD02C2726730022035F /* Resources */ = {
			isa = PBXResourcesBuildPhase;
			buildActionMask = 2147483647;
			files = (
				93F18ADF2C2726750022035F /* Assets.xcassets in Resources */,
				93F18AEC2C272C3E0022035F /* GoogleService-Info.plist in Resources */,
				93F18AE22C2726750022035F /* Base in Resources */,
				93F18ADD2C2726730022035F /* Base in Resources */,
			);
			runOnlyForDeploymentPostprocessing = 0;
		};
/* End PBXResourcesBuildPhase section */

/* Begin PBXShellScriptBuildPhase section */
		1C4D7D966A39A1BA3627FC68 /* [CP] Embed Pods Frameworks */ = {
			isa = PBXShellScriptBuildPhase;
			buildActionMask = 2147483647;
			files = (
			);
			inputFileListPaths = (
				"${PODS_ROOT}/Target Support Files/Pods-GA4Test/Pods-GA4Test-frameworks-${CONFIGURATION}-input-files.xcfilelist",
			);
			name = "[CP] Embed Pods Frameworks";
			outputFileListPaths = (
				"${PODS_ROOT}/Target Support Files/Pods-GA4Test/Pods-GA4Test-frameworks-${CONFIGURATION}-output-files.xcfilelist",
			);
			runOnlyForDeploymentPostprocessing = 0;
			shellPath = /bin/sh;
			shellScript = "\"${PODS_ROOT}/Target Support Files/Pods-GA4Test/Pods-GA4Test-frameworks.sh\"\n";
			showEnvVarsInLog = 0;
		};
		85B490F26104BD028C757F7A /* [CP] Check Pods Manifest.lock */ = {
			isa = PBXShellScriptBuildPhase;
			buildActionMask = 2147483647;
			files = (
			);
			inputFileListPaths = (
			);
			inputPaths = (
				"${PODS_PODFILE_DIR_PATH}/Podfile.lock",
				"${PODS_ROOT}/Manifest.lock",
			);
			name = "[CP] Check Pods Manifest.lock";
			outputFileListPaths = (
			);
			outputPaths = (
				"$(DERIVED_FILE_DIR)/Pods-GA4Test-checkManifestLockResult.txt",
			);
			runOnlyForDeploymentPostprocessing = 0;
			shellPath = /bin/sh;
			shellScript = "diff \"${PODS_PODFILE_DIR_PATH}/Podfile.lock\" \"${PODS_ROOT}/Manifest.lock\" > /dev/null\nif [ $? != 0 ] ; then\n    # print error to STDERR\n    echo \"error: The sandbox is not in sync with the Podfile.lock. Run 'pod install' or update your CocoaPods installation.\" >&2\n    exit 1\nfi\n# This output is used by Xcode 'outputs' to avoid re-running this script phase.\necho \"SUCCESS\" > \"${SCRIPT_OUTPUT_FILE_0}\"\n";
			showEnvVarsInLog = 0;
		};
/* End PBXShellScriptBuildPhase section */

/* Begin PBXSourcesBuildPhase section */
		93F18ACE2C2726730022035F /* Sources */ = {
			isa = PBXSourcesBuildPhase;
			buildActionMask = 2147483647;
			files = (
				936E8C582C37C86100F370A2 /* GA4.swift in Sources */,
				935645D12C69A3DE0025EA5E /* AppInterface.swift in Sources */,
				93F18ADA2C2726730022035F /* ViewController.swift in Sources */,
				93F18AD62C2726730022035F /* AppDelegate.swift in Sources */,
				93F18AD82C2726730022035F /* SceneDelegate.swift in Sources */,
				9362BC212C35275000928CF9 /* AppInterface2.swift in Sources */,
			);
			runOnlyForDeploymentPostprocessing = 0;
		};
/* End PBXSourcesBuildPhase section */

/* Begin PBXVariantGroup section */
		93F18ADB2C2726730022035F /* Main.storyboard */ = {
			isa = PBXVariantGroup;
			children = (
				93F18ADC2C2726730022035F /* Base */,
			);
			name = Main.storyboard;
			sourceTree = "<group>";
		};
		93F18AE02C2726750022035F /* LaunchScreen.storyboard */ = {
			isa = PBXVariantGroup;
			children = (
				93F18AE12C2726750022035F /* Base */,
			);
			name = LaunchScreen.storyboard;
			sourceTree = "<group>";
		};
/* End PBXVariantGroup section */

/* Begin XCBuildConfiguration section */
		93F18AE42C2726750022035F /* Debug */ = {
			isa = XCBuildConfiguration;
			buildSettings = {
				ALWAYS_SEARCH_USER_PATHS = NO;
				ASSETCATALOG_COMPILER_GENERATE_SWIFT_ASSET_SYMBOL_EXTENSIONS = YES;
				CLANG_ANALYZER_NONNULL = YES;
				CLANG_ANALYZER_NUMBER_OBJECT_CONVERSION = YES_AGGRESSIVE;
				CLANG_CXX_LANGUAGE_STANDARD = "gnu++20";
				CLANG_ENABLE_MODULES = YES;
				CLANG_ENABLE_OBJC_ARC = YES;
				CLANG_ENABLE_OBJC_WEAK = YES;
				CLANG_WARN_BLOCK_CAPTURE_AUTORELEASING = YES;
				CLANG_WARN_BOOL_CONVERSION = YES;
				CLANG_WARN_COMMA = YES;
				CLANG_WARN_CONSTANT_CONVERSION = YES;
				CLANG_WARN_DEPRECATED_OBJC_IMPLEMENTATIONS = YES;
				CLANG_WARN_DIRECT_OBJC_ISA_USAGE = YES_ERROR;
				CLANG_WARN_DOCUMENTATION_COMMENTS = YES;
				CLANG_WARN_EMPTY_BODY = YES;
				CLANG_WARN_ENUM_CONVERSION = YES;
				CLANG_WARN_INFINITE_RECURSION = YES;
				CLANG_WARN_INT_CONVERSION = YES;
				CLANG_WARN_NON_LITERAL_NULL_CONVERSION = YES;
				CLANG_WARN_OBJC_IMPLICIT_RETAIN_SELF = YES;
				CLANG_WARN_OBJC_LITERAL_CONVERSION = YES;
				CLANG_WARN_OBJC_ROOT_CLASS = YES_ERROR;
				CLANG_WARN_QUOTED_INCLUDE_IN_FRAMEWORK_HEADER = YES;
				CLANG_WARN_RANGE_LOOP_ANALYSIS = YES;
				CLANG_WARN_STRICT_PROTOTYPES = YES;
				CLANG_WARN_SUSPICIOUS_MOVE = YES;
				CLANG_WARN_UNGUARDED_AVAILABILITY = YES_AGGRESSIVE;
				CLANG_WARN_UNREACHABLE_CODE = YES;
				CLANG_WARN__DUPLICATE_METHOD_MATCH = YES;
				COPY_PHASE_STRIP = NO;
				DEBUG_INFORMATION_FORMAT = dwarf;
				ENABLE_STRICT_OBJC_MSGSEND = YES;
				ENABLE_TESTABILITY = YES;
				ENABLE_USER_SCRIPT_SANDBOXING = NO;
				GCC_C_LANGUAGE_STANDARD = gnu17;
				GCC_DYNAMIC_NO_PIC = NO;
				GCC_NO_COMMON_BLOCKS = YES;
				GCC_OPTIMIZATION_LEVEL = 0;
				GCC_PREPROCESSOR_DEFINITIONS = (
					"DEBUG=1",
					"$(inherited)",
				);
				GCC_WARN_64_TO_32_BIT_CONVERSION = YES;
				GCC_WARN_ABOUT_RETURN_TYPE = YES_ERROR;
				GCC_WARN_UNDECLARED_SELECTOR = YES;
				GCC_WARN_UNINITIALIZED_AUTOS = YES_AGGRESSIVE;
				GCC_WARN_UNUSED_FUNCTION = YES;
				GCC_WARN_UNUSED_VARIABLE = YES;
				IPHONEOS_DEPLOYMENT_TARGET = 17.4;
				LOCALIZATION_PREFERS_STRING_CATALOGS = YES;
				MTL_ENABLE_DEBUG_INFO = INCLUDE_SOURCE;
				MTL_FAST_MATH = YES;
				ONLY_ACTIVE_ARCH = YES;
				SDKROOT = iphoneos;
				SWIFT_ACTIVE_COMPILATION_CONDITIONS = "DEBUG $(inherited)";
				SWIFT_OPTIMIZATION_LEVEL = "-Onone";
			};
			name = Debug;
		};
		93F18AE52C2726750022035F /* Release */ = {
			isa = XCBuildConfiguration;
			buildSettings = {
				ALWAYS_SEARCH_USER_PATHS = NO;
				ASSETCATALOG_COMPILER_GENERATE_SWIFT_ASSET_SYMBOL_EXTENSIONS = YES;
				CLANG_ANALYZER_NONNULL = YES;
				CLANG_ANALYZER_NUMBER_OBJECT_CONVERSION = YES_AGGRESSIVE;
				CLANG_CXX_LANGUAGE_STANDARD = "gnu++20";
				CLANG_ENABLE_MODULES = YES;
				CLANG_ENABLE_OBJC_ARC = YES;
				CLANG_ENABLE_OBJC_WEAK = YES;
				CLANG_WARN_BLOCK_CAPTURE_AUTORELEASING = YES;
				CLANG_WARN_BOOL_CONVERSION = YES;
				CLANG_WARN_COMMA = YES;
				CLANG_WARN_CONSTANT_CONVERSION = YES;
				CLANG_WARN_DEPRECATED_OBJC_IMPLEMENTATIONS = YES;
				CLANG_WARN_DIRECT_OBJC_ISA_USAGE = YES_ERROR;
				CLANG_WARN_DOCUMENTATION_COMMENTS = YES;
				CLANG_WARN_EMPTY_BODY = YES;
				CLANG_WARN_ENUM_CONVERSION = YES;
				CLANG_WARN_INFINITE_RECURSION = YES;
				CLANG_WARN_INT_CONVERSION = YES;
				CLANG_WARN_NON_LITERAL_NULL_CONVERSION = YES;
				CLANG_WARN_OBJC_IMPLICIT_RETAIN_SELF = YES;
				CLANG_WARN_OBJC_LITERAL_CONVERSION = YES;
				CLANG_WARN_OBJC_ROOT_CLASS = YES_ERROR;
				CLANG_WARN_QUOTED_INCLUDE_IN_FRAMEWORK_HEADER = YES;
				CLANG_WARN_RANGE_LOOP_ANALYSIS = YES;
				CLANG_WARN_STRICT_PROTOTYPES = YES;
				CLANG_WARN_SUSPICIOUS_MOVE = YES;
				CLANG_WARN_UNGUARDED_AVAILABILITY = YES_AGGRESSIVE;
				CLANG_WARN_UNREACHABLE_CODE = YES;
				CLANG_WARN__DUPLICATE_METHOD_MATCH = YES;
				COPY_PHASE_STRIP = NO;
				DEBUG_INFORMATION_FORMAT = "dwarf-with-dsym";
				ENABLE_NS_ASSERTIONS = NO;
				ENABLE_STRICT_OBJC_MSGSEND = YES;
				ENABLE_USER_SCRIPT_SANDBOXING = NO;
				GCC_C_LANGUAGE_STANDARD = gnu17;
				GCC_NO_COMMON_BLOCKS = YES;
				GCC_WARN_64_TO_32_BIT_CONVERSION = YES;
				GCC_WARN_ABOUT_RETURN_TYPE = YES_ERROR;
				GCC_WARN_UNDECLARED_SELECTOR = YES;
				GCC_WARN_UNINITIALIZED_AUTOS = YES_AGGRESSIVE;
				GCC_WARN_UNUSED_FUNCTION = YES;
				GCC_WARN_UNUSED_VARIABLE = YES;
				IPHONEOS_DEPLOYMENT_TARGET = 17.4;
				LOCALIZATION_PREFERS_STRING_CATALOGS = YES;
				MTL_ENABLE_DEBUG_INFO = NO;
				MTL_FAST_MATH = YES;
				SDKROOT = iphoneos;
				SWIFT_COMPILATION_MODE = wholemodule;
				VALIDATE_PRODUCT = YES;
			};
			name = Release;
		};
		93F18AE72C2726750022035F /* Debug */ = {
			isa = XCBuildConfiguration;
			baseConfigurationReference = 716685E7EFC51246B72EC0D0 /* Pods-GA4Test.debug.xcconfig */;
			buildSettings = {
				ASSETCATALOG_COMPILER_APPICON_NAME = AppIcon;
				ASSETCATALOG_COMPILER_GLOBAL_ACCENT_COLOR_NAME = AccentColor;
				CODE_SIGN_STYLE = Automatic;
				CURRENT_PROJECT_VERSION = 1;
				DEVELOPMENT_TEAM = 2HJH39N2DA;
				GENERATE_INFOPLIST_FILE = YES;
				INFOPLIST_FILE = GA4Test/Info.plist;
				INFOPLIST_KEY_UIApplicationSupportsIndirectInputEvents = YES;
				INFOPLIST_KEY_UILaunchStoryboardName = LaunchScreen;
				INFOPLIST_KEY_UIMainStoryboardFile = Main;
				INFOPLIST_KEY_UISupportedInterfaceOrientations_iPad = "UIInterfaceOrientationPortrait UIInterfaceOrientationPortraitUpsideDown UIInterfaceOrientationLandscapeLeft UIInterfaceOrientationLandscapeRight";
				INFOPLIST_KEY_UISupportedInterfaceOrientations_iPhone = "UIInterfaceOrientationPortrait UIInterfaceOrientationLandscapeLeft UIInterfaceOrientationLandscapeRight";
				LD_RUNPATH_SEARCH_PATHS = (
					"$(inherited)",
					"@executable_path/Frameworks",
				);
				MARKETING_VERSION = 1.0;
				PRODUCT_BUNDLE_IDENTIFIER = com.hanhoon.ga4test;
				PRODUCT_NAME = "$(TARGET_NAME)";
				SWIFT_EMIT_LOC_STRINGS = YES;
				SWIFT_VERSION = 5.0;
				TARGETED_DEVICE_FAMILY = "1,2";
			};
			name = Debug;
		};
		93F18AE82C2726750022035F /* Release */ = {
			isa = XCBuildConfiguration;
			baseConfigurationReference = 136EEE0B57843CEF8AC1C2EC /* Pods-GA4Test.release.xcconfig */;
			buildSettings = {
				ASSETCATALOG_COMPILER_APPICON_NAME = AppIcon;
				ASSETCATALOG_COMPILER_GLOBAL_ACCENT_COLOR_NAME = AccentColor;
				CODE_SIGN_STYLE = Automatic;
				CURRENT_PROJECT_VERSION = 1;
				DEVELOPMENT_TEAM = 2HJH39N2DA;
				GENERATE_INFOPLIST_FILE = YES;
				INFOPLIST_FILE = GA4Test/Info.plist;
				INFOPLIST_KEY_UIApplicationSupportsIndirectInputEvents = YES;
				INFOPLIST_KEY_UILaunchStoryboardName = LaunchScreen;
				INFOPLIST_KEY_UIMainStoryboardFile = Main;
				INFOPLIST_KEY_UISupportedInterfaceOrientations_iPad = "UIInterfaceOrientationPortrait UIInterfaceOrientationPortraitUpsideDown UIInterfaceOrientationLandscapeLeft UIInterfaceOrientationLandscapeRight";
				INFOPLIST_KEY_UISupportedInterfaceOrientations_iPhone = "UIInterfaceOrientationPortrait UIInterfaceOrientationLandscapeLeft UIInterfaceOrientationLandscapeRight";
				LD_RUNPATH_SEARCH_PATHS = (
					"$(inherited)",
					"@executable_path/Frameworks",
				);
				MARKETING_VERSION = 1.0;
				PRODUCT_BUNDLE_IDENTIFIER = com.hanhoon.ga4test;
				PRODUCT_NAME = "$(TARGET_NAME)";
				SWIFT_EMIT_LOC_STRINGS = YES;
				SWIFT_VERSION = 5.0;
				TARGETED_DEVICE_FAMILY = "1,2";
			};
			name = Release;
		};
/* End XCBuildConfiguration section */

/* Begin XCConfigurationList section */
		93F18ACD2C2726730022035F /* Build configuration list for PBXProject "GA4Test" */ = {
			isa = XCConfigurationList;
			buildConfigurations = (
				93F18AE42C2726750022035F /* Debug */,
				93F18AE52C2726750022035F /* Release */,
			);
			defaultConfigurationIsVisible = 0;
			defaultConfigurationName = Release;
		};
		93F18AE62C2726750022035F /* Build configuration list for PBXNativeTarget "GA4Test" */ = {
			isa = XCConfigurationList;
			buildConfigurations = (
				93F18AE72C2726750022035F /* Debug */,
				93F18AE82C2726750022035F /* Release */,
			);
			defaultConfigurationIsVisible = 0;
			defaultConfigurationName = Release;
		};
/* End XCConfigurationList section */
	};
	rootObject = 93F18ACA2C2726730022035F /* Project object */;
}
